# This file is autogenerated, do not edit; changes may be undone by the next 'dep ensure'.


[[projects]]
  name = "github.com/eclipse/paho.mqtt.golang"
  packages = [
    ".",
    "packets"
  ]
  revision = "36d01c2b4cbeb3d2a12063e4880ce30800af9560"
  version = "v1.1.1"

[[projects]]
  branch = "master"
  name = "github.com/hashicorp/errwrap"
  packages = ["."]
  revision = "7554cd9344cec97297fa6649b055a8c98c2a1e55"

[[projects]]
  branch = "master"
  name = "github.com/hashicorp/go-multierror"
  packages = ["."]
  revision = "b7773ae218740a7be65057fc60b366a49b538a44"

[[projects]]
  name = "gobot.io/x/gobot"
  packages = [
    ".",
    "platforms/mqtt"
  ]
  revision = "635adea96f788ab19bf77470b075f8db44d34fa0"
  version = "1.11.0"

[[projects]]
  branch = "master"
  name = "golang.org/x/net"
  packages = [
    "internal/socks",
    "proxy",
    "websocket"
  ]
  revision = "db08ff08e8622530d9ed3a0e8ac279f6d4c02196"

[solve-meta]
  analyzer-name = "dep"
  analyzer-version = 1
  inputs-digest = "ff3676a4e7bd1a7c68ed141bc80f01926ddbbd575c2b63e5b7bc8e7d8ae45c54"
  solver-name = "gps-cdcl"
  solver-version = 1
